
Microsoft Visual Studio Solution File, Format Version 12.00
# Visual Studio Version 16
VisualStudioVersion = 16.0.31112.23
MinimumVisualStudioVersion = 10.0.40219.1
Project("{FAE04EC0-301F-11D3-BF4B-00C04F79EFBC}") = "Tracert", "Tracert\Tracert.csproj", "{9E4121F3-F248-42A9-BFF4-4F6F8A262C01}"
EndProject
Global
	GlobalSection(SolutionConfigurationPlatforms) = preSolution
		Debug|Any CPU = Debug|Any CPU
		Release|Any CPU = Release|Any CPU
	EndGlobalSection
	GlobalSection(ProjectConfigurationPlatforms) = postSolution
		{9E4121F3-F248-42A9-BFF4-4F6F8A262C01}.Debug|Any CPU.ActiveCfg = Debug|Any CPU
		{9E4121F3-F248-42A9-BFF4-4F6F8A262C01}.Debug|Any CPU.Build.0 = Debug|Any CPU
		{9E4121F3-F248-42A9-BFF4-4F6F8A262C01}.Release|Any CPU.ActiveCfg = Release|Any CPU
		{9E4121F3-F248-42A9-BFF4-4F6F8A262C01}.Release|Any CPU.Build.0 = Release|Any CPU
	EndGlobalSection
	GlobalSection(SolutionProperties) = preSolution
		HideSolutionNode = FALSE
	EndGlobalSection
	GlobalSection(ExtensibilityGlobals) = postSolution
		SolutionGuid = {ED5BE117-7DD7-4D80-8E2A-2B0F27BBEEB4}
	EndGlobalSection
EndGlobal
